// !$*UTF8*$!
{
	archiveVersion = 1;
	classes = {
	};
	objectVersion = 46;
	objects = {

/* Begin PBXBuildFile section */
		DF92C6071C35137B009DEEFE /* AppDelegate.swift in Sources */ = {isa = PBXBuildFile; fileRef = DF92C6061C35137B009DEEFE /* AppDelegate.swift */; };
		DF92C6091C35137B009DEEFE /* ViewController.swift in Sources */ = {isa = PBXBuildFile; fileRef = DF92C6081C35137B009DEEFE /* ViewController.swift */; };
		DF92C60C1C35137B009DEEFE /* Main.storyboard in Resources */ = {isa = PBXBuildFile; fileRef = DF92C60A1C35137B009DEEFE /* Main.storyboard */; };
		DF92C60E1C35137B009DEEFE /* Assets.xcassets in Resources */ = {isa = PBXBuildFile; fileRef = DF92C60D1C35137B009DEEFE /* Assets.xcassets */; };
		DF92C6111C35137B009DEEFE /* LaunchScreen.storyboard in Resources */ = {isa = PBXBuildFile; fileRef = DF92C60F1C35137B009DEEFE /* LaunchScreen.storyboard */; };
		DF92C61C1C35137B009DEEFE /* calculatorTests.swift in Sources */ = {isa = PBXBuildFile; fileRef = DF92C61B1C35137B009DEEFE /* calculatorTests.swift */; };
		DF92C6271C35137B009DEEFE /* calculatorUITests.swift in Sources */ = {isa = PBXBuildFile; fileRef = DF92C6261C35137B009DEEFE /* calculatorUITests.swift */; };
/* End PBXBuildFile section */

/* Begin PBXContainerItemProxy section */
		DF92C6181C35137B009DEEFE /* PBXContainerItemProxy */ = {
			isa = PBXContainerItemProxy;
			containerPortal = DF92C5FB1C35137B009DEEFE /* Project object */;
			proxyType = 1;
			remoteGlobalIDString = DF92C6021C35137B009DEEFE;
			remoteInfo = calculator;
		};
		DF92C6231C35137B009DEEFE /* PBXContainerItemProxy */ = {
			isa = PBXContainerItemProxy;
			containerPortal = DF92C5FB1C35137B009DEEFE /* Project object */;
			proxyType = 1;
			remoteGlobalIDString = DF92C6021C35137B009DEEFE;
			remoteInfo = calculator;
		};
/* End PBXContainerItemProxy section */

/* Begin PBXFileReference section */
		DF92C6031C35137B009DEEFE /* calculator.app */ = {isa = PBXFileReference; explicitFileType = wrapper.application; includeInIndex = 0; path = calculator.app; sourceTree = BUILT_PRODUCTS_DIR; };
		DF92C6061C35137B009DEEFE /* AppDelegate.swift */ = {isa = PBXFileReference; lastKnownFileType = sourcecode.swift; path = AppDelegate.swift; sourceTree = "<group>"; };
		DF92C6081C35137B009DEEFE /* ViewController.swift */ = {isa = PBXFileReference; lastKnownFileType = sourcecode.swift; path = ViewController.swift; sourceTree = "<group>"; };
		DF92C60B1C35137B009DEEFE /* Base */ = {isa = PBXFileReference; lastKnownFileType = file.storyboard; name = Base; path = Base.lproj/Main.storyboard; sourceTree = "<group>"; };
		DF92C60D1C35137B009DEEFE /* Assets.xcassets */ = {isa = PBXFileReference; lastKnownFileType = folder.assetcatalog; path = Assets.xcassets; sourceTree = "<group>"; };
		DF92C6101C35137B009DEEFE /* Base */ = {isa = PBXFileReference; lastKnownFileType = file.storyboard; name = Base; path = Base.lproj/LaunchScreen.storyboard; sourceTree = "<group>"; };
		DF92C6121C35137B009DEEFE /* Info.plist */ = {isa = PBXFileReference; lastKnownFileType = text.plist.xml; path = Info.plist; sourceTree = "<group>"; };
		DF92C6171C35137B009DEEFE /* calculatorTests.xctest */ = {isa = PBXFileReference; explicitFileType = wrapper.cfbundle; includeInIndex = 0; path = calculatorTests.xctest; sourceTree = BUILT_PRODUCTS_DIR; };
		DF92C61B1C35137B009DEEFE /* calculatorTests.swift */ = {isa = PBXFileReference; lastKnownFileType = sourcecode.swift; path = calculatorTests.swift; sourceTree = "<group>"; };
		DF92C61D1C35137B009DEEFE /* Info.plist */ = {isa = PBXFileReference; lastKnownFileType = text.plist.xml; path = Info.plist; sourceTree = "<group>"; };
		DF92C6221C35137B009DEEFE /* calculatorUITests.xctest */ = {isa = PBXFileReference; explicitFileType = wrapper.cfbundle; includeInIndex = 0; path = calculatorUITests.xctest; sourceTree = BUILT_PRODUCTS_DIR; };
		DF92C6261C35137B009DEEFE /* calculatorUITests.swift */ = {isa = PBXFileReference; lastKnownFileType = sourcecode.swift; path = calculatorUITests.swift; sourceTree = "<group>"; };
		DF92C6281C35137B009DEEFE /* Info.plist */ = {isa = PBXFileReference; lastKnownFileType = text.plist.xml; path = Info.plist; sourceTree = "<group>"; };
/* End PBXFileReference section */

/* Begin PBXFrameworksBuildPhase section */
		DF92C6001C35137B009DEEFE /* Frameworks */ = {
			isa = PBXFrameworksBuildPhase;
			buildActionMask = 2147483647;
			files = (
			);
			runOnlyForDeploymentPostprocessing = 0;
		};
		DF92C6141C35137B009DEEFE /* Frameworks */ = {
			isa = PBXFrameworksBuildPhase;
			buildActionMask = 2147483647;
			files = (
			);
			runOnlyForDeploymentPostprocessing = 0;
		};
		DF92C61F1C35137B009DEEFE /* Frameworks */ = {
			isa = PBXFrameworksBuildPhase;
			buildActionMask = 2147483647;
			files = (
			);
			runOnlyForDeploymentPostprocessing = 0;
		};
/* End PBXFrameworksBuildPhase section */

/* Begin PBXGroup section */
		DF92C5FA1C35137B009DEEFE = {
			isa = PBXGroup;
			children = (
				DF92C6051C35137B009DEEFE /* calculator */,
				DF92C61A1C35137B009DEEFE /* calculatorTests */,
				DF92C6251C35137B009DEEFE /* calculatorUITests */,
				DF92C6041C35137B009DEEFE /* Products */,
			);
			sourceTree = "<group>";
		};
		DF92C6041C35137B009DEEFE /* Products */ = {
			isa = PBXGroup;
			children = (
				DF92C6031C35137B009DEEFE /* calculator.app */,
				DF92C6171C35137B009DEEFE /* calculatorTests.xctest */,
				DF92C6221C35137B009DEEFE /* calculatorUITests.xctest */,
			);
			name = Products;
			sourceTree = "<group>";
		};
		DF92C6051C35137B009DEEFE /* calculator */ = {
			isa = PBXGroup;
			children = (
				DF92C6061C35137B009DEEFE /* AppDelegate.swift */,
				DF92C6081C35137B009DEEFE /* ViewController.swift */,
				DF92C60A1C35137B009DEEFE /* Main.storyboard */,
				DF92C60D1C35137B009DEEFE /* Assets.xcassets */,
				DF92C60F1C35137B009DEEFE /* LaunchScreen.storyboard */,
				DF92C6121C35137B009DEEFE /* Info.plist */,
			);
			path = calculator;
			sourceTree = "<group>";
		};
		DF92C61A1C35137B009DEEFE /* calculatorTests */ = {
			isa = PBXGroup;
			children = (
				DF92C61B1C35137B009DEEFE /* calculatorTests.swift */,
				DF92C61D1C35137B009DEEFE /* Info.plist */,
			);
			path = calculatorTests;
			sourceTree = "<group>";
		};
		DF92C6251C35137B009DEEFE /* calculatorUITests */ = {
			isa = PBXGroup;
			children = (
				DF92C6261C35137B009DEEFE /* calculatorUITests.swift */,
				DF92C6281C35137B009DEEFE /* Info.plist */,
			);
			path = calculatorUITests;
			sourceTree = "<group>";
		};
/* End PBXGroup section */

/* Begin PBXNativeTarget section */
		DF92C6021C35137B009DEEFE /* calculator */ = {
			isa = PBXNativeTarget;
			buildConfigurationList = DF92C62B1C35137B009DEEFE /* Build configuration list for PBXNativeTarget "calculator" */;
			buildPhases = (
				DF92C5FF1C35137B009DEEFE /* Sources */,
				DF92C6001C35137B009DEEFE /* Frameworks */,
				DF92C6011C35137B009DEEFE /* Resources */,
			);
			buildRules = (
			);
			dependencies = (
			);
			name = calculator;
			productName = calculator;
			productReference = DF92C6031C35137B009DEEFE /* calculator.app */;
			productType = "com.apple.product-type.application";
		};
		DF92C6161C35137B009DEEFE /* calculatorTests */ = {
			isa = PBXNativeTarget;
			buildConfigurationList = DF92C62E1C35137B009DEEFE /* Build configuration list for PBXNativeTarget "calculatorTests" */;
			buildPhases = (
				DF92C6131C35137B009DEEFE /* Sources */,
				DF92C6141C35137B009DEEFE /* Frameworks */,
				DF92C6151C35137B009DEEFE /* Resources */,
			);
			buildRules = (
			);
			dependencies = (
				DF92C6191C35137B009DEEFE /* PBXTargetDependency */,
			);
			name = calculatorTests;
			productName = calculatorTests;
			productReference = DF92C6171C35137B009DEEFE /* calculatorTests.xctest */;
			productType = "com.apple.product-type.bundle.unit-test";
		};
		DF92C6211C35137B009DEEFE /* calculatorUITests */ = {
			isa = PBXNativeTarget;
			buildConfigurationList = DF92C6311C35137B009DEEFE /* Build configuration list for PBXNativeTarget "calculatorUITests" */;
			buildPhases = (
				DF92C61E1C35137B009DEEFE /* Sources */,
				DF92C61F1C35137B009DEEFE /* Frameworks */,
				DF92C6201C35137B009DEEFE /* Resources */,
			);
			buildRules = (
			);
			dependencies = (
				DF92C6241C35137B009DEEFE /* PBXTargetDependency */,
			);
			name = calculatorUITests;
			productName = calculatorUITests;
			productReference = DF92C6221C35137B009DEEFE /* calculatorUITests.xctest */;
			productType = "com.apple.product-type.bundle.ui-testing";
		};
/* End PBXNativeTarget section */

/* Begin PBXProject section */
		DF92C5FB1C35137B009DEEFE /* Project object */ = {
			isa = PBXProject;
			attributes = {
				LastSwiftUpdateCheck = 0720;
				LastUpgradeCheck = 0720;
				ORGANIZATIONNAME = sinsoku;
				TargetAttributes = {
					DF92C6021C35137B009DEEFE = {
						CreatedOnToolsVersion = 7.2;
						DevelopmentTeam = 64Y532H2HE;
					};
					DF92C6161C35137B009DEEFE = {
						CreatedOnToolsVersion = 7.2;
						DevelopmentTeam = 64Y532H2HE;
						TestTargetID = DF92C6021C35137B009DEEFE;
					};
					DF92C6211C35137B009DEEFE = {
						CreatedOnToolsVersion = 7.2;
						DevelopmentTeam = 64Y532H2HE;
						TestTargetID = DF92C6021C35137B009DEEFE;
					};
				};
			};
			buildConfigurationList = DF92C5FE1C35137B009DEEFE /* Build configuration list for PBXProject "calculator" */;
			compatibilityVersion = "Xcode 3.2";
			developmentRegion = English;
			hasScannedForEncodings = 0;
			knownRegions = (
				en,
				Base,
			);
			mainGroup = DF92C5FA1C35137B009DEEFE;
			productRefGroup = DF92C6041C35137B009DEEFE /* Products */;
			projectDirPath = "";
			projectRoot = "";
			targets = (
				DF92C6021C35137B009DEEFE /* calculator */,
				DF92C6161C35137B009DEEFE /* calculatorTests */,
				DF92C6211C35137B009DEEFE /* calculatorUITests */,
			);
		};
/* End PBXProject section */

/* Begin PBXResourcesBuildPhase section */
		DF92C6011C35137B009DEEFE /* Resources */ = {
			isa = PBXResourcesBuildPhase;
			buildActionMask = 2147483647;
			files = (
				DF92C6111C35137B009DEEFE /* LaunchScreen.storyboard in Resources */,
				DF92C60E1C35137B009DEEFE /* Assets.xcassets in Resources */,
				DF92C60C1C35137B009DEEFE /* Main.storyboard in Resources */,
			);
			runOnlyForDeploymentPostprocessing = 0;
		};
		DF92C6151C35137B009DEEFE /* Resources */ = {
			isa = PBXResourcesBuildPhase;
			buildActionMask = 2147483647;
			files = (
			);
			runOnlyForDeploymentPostprocessing = 0;
		};
		DF92C6201C35137B009DEEFE /* Resources */ = {
			isa = PBXResourcesBuildPhase;
			buildActionMask = 2147483647;
			files = (
			);
			runOnlyForDeploymentPostprocessing = 0;
		};
/* End PBXResourcesBuildPhase section */

/* Begin PBXSourcesBuildPhase section */
		DF92C5FF1C35137B009DEEFE /* Sources */ = {
			isa = PBXSourcesBuildPhase;
			buildActionMask = 2147483647;
			files = (
				DF92C6091C35137B009DEEFE /* ViewController.swift in Sources */,
				DF92C6071C35137B009DEEFE /* AppDelegate.swift in Sources */,
			);
			runOnlyForDeploymentPostprocessing = 0;
		};
		DF92C6131C35137B009DEEFE /* Sources */ = {
			isa = PBXSourcesBuildPhase;
			buildActionMask = 2147483647;
			files = (
				DF92C61C1C35137B009DEEFE /* calculatorTests.swift in Sources */,
			);
			runOnlyForDeploymentPostprocessing = 0;
		};
		DF92C61E1C35137B009DEEFE /* Sources */ = {
			isa = PBXSourcesBuildPhase;
			buildActionMask = 2147483647;
			files = (
				DF92C6271C35137B009DEEFE /* calculatorUITests.swift in Sources */,
			);
			runOnlyForDeploymentPostprocessing = 0;
		};
/* End PBXSourcesBuildPhase section */

/* Begin PBXTargetDependency section */
		DF92C6191C35137B009DEEFE /* PBXTargetDependency */ = {
			isa = PBXTargetDependency;
			target = DF92C6021C35137B009DEEFE /* calculator */;
			targetProxy = DF92C6181C35137B009DEEFE /* PBXContainerItemProxy */;
		};
		DF92C6241C35137B009DEEFE /* PBXTargetDependency */ = {
			isa = PBXTargetDependency;
			target = DF92C6021C35137B009DEEFE /* calculator */;
			targetProxy = DF92C6231C35137B009DEEFE /* PBXContainerItemProxy */;
		};
/* End PBXTargetDependency section */

/* Begin PBXVariantGroup section */
		DF92C60A1C35137B009DEEFE /* Main.storyboard */ = {
			isa = PBXVariantGroup;
			children = (
				DF92C60B1C35137B009DEEFE /* Base */,
			);
			name = Main.storyboard;
			sourceTree = "<group>";
		};
		DF92C60F1C35137B009DEEFE /* LaunchScreen.storyboard */ = {
			isa = PBXVariantGroup;
			children = (
				DF92C6101C35137B009DEEFE /* Base */,
			);
			name = LaunchScreen.storyboard;
			sourceTree = "<group>";
		};
/* End PBXVariantGroup section */

/* Begin XCBuildConfiguration section */
		DF92C6291C35137B009DEEFE /* Debug */ = {
			isa = XCBuildConfiguration;
			buildSettings = {
				ALWAYS_SEARCH_USER_PATHS = NO;
				CLANG_CXX_LANGUAGE_STANDARD = "gnu++0x";
				CLANG_CXX_LIBRARY = "libc++";
				CLANG_ENABLE_MODULES = YES;
				CLANG_ENABLE_OBJC_ARC = YES;
				CLANG_WARN_BOOL_CONVERSION = YES;
				CLANG_WARN_CONSTANT_CONVERSION = YES;
				CLANG_WARN_DIRECT_OBJC_ISA_USAGE = YES_ERROR;
				CLANG_WARN_EMPTY_BODY = YES;
				CLANG_WARN_ENUM_CONVERSION = YES;
				CLANG_WARN_INT_CONVERSION = YES;
				CLANG_WARN_OBJC_ROOT_CLASS = YES_ERROR;
				CLANG_WARN_UNREACHABLE_CODE = YES;
				CLANG_WARN__DUPLICATE_METHOD_MATCH = YES;
				"CODE_SIGN_IDENTITY[sdk=iphoneos*]" = "iPhone Developer";
				COPY_PHASE_STRIP = NO;
				DEBUG_INFORMATION_FORMAT = dwarf;
				ENABLE_STRICT_OBJC_MSGSEND = YES;
				ENABLE_TESTABILITY = YES;
				GCC_C_LANGUAGE_STANDARD = gnu99;
				GCC_DYNAMIC_NO_PIC = NO;
				GCC_NO_COMMON_BLOCKS = YES;
				GCC_OPTIMIZATION_LEVEL = 0;
				GCC_PREPROCESSOR_DEFINITIONS = (
					"DEBUG=1",
					"$(inherited)",
				);
				GCC_WARN_64_TO_32_BIT_CONVERSION = YES;
				GCC_WARN_ABOUT_RETURN_TYPE = YES_ERROR;
				GCC_WARN_UNDECLARED_SELECTOR = YES;
				GCC_WARN_UNINITIALIZED_AUTOS = YES_AGGRESSIVE;
				GCC_WARN_UNUSED_FUNCTION = YES;
				GCC_WARN_UNUSED_VARIABLE = YES;
				IPHONEOS_DEPLOYMENT_TARGET = 9.2;
				MTL_ENABLE_DEBUG_INFO = YES;
				ONLY_ACTIVE_ARCH = YES;
				SDKROOT = iphoneos;
				SWIFT_OPTIMIZATION_LEVEL = "-Onone";
				TARGETED_DEVICE_FAMILY = "1,2";
			};
			name = Debug;
		};
		DF92C62A1C35137B009DEEFE /* Release */ = {
			isa = XCBuildConfiguration;
			buildSettings = {
				ALWAYS_SEARCH_USER_PATHS = NO;
				CLANG_CXX_LANGUAGE_STANDARD = "gnu++0x";
				CLANG_CXX_LIBRARY = "libc++";
				CLANG_ENABLE_MODULES = YES;
				CLANG_ENABLE_OBJC_ARC = YES;
				CLANG_WARN_BOOL_CONVERSION = YES;
				CLANG_WARN_CONSTANT_CONVERSION = YES;
				CLANG_WARN_DIRECT_OBJC_ISA_USAGE = YES_ERROR;
				CLANG_WARN_EMPTY_BODY = YES;
				CLANG_WARN_ENUM_CONVERSION = YES;
				CLANG_WARN_INT_CONVERSION = YES;
				CLANG_WARN_OBJC_ROOT_CLASS = YES_ERROR;
				CLANG_WARN_UNREACHABLE_CODE = YES;
				CLANG_WARN__DUPLICATE_METHOD_MATCH = YES;
				"CODE_SIGN_IDENTITY[sdk=iphoneos*]" = "iPhone Developer";
				COPY_PHASE_STRIP = NO;
				DEBUG_INFORMATION_FORMAT = "dwarf-with-dsym";
				ENABLE_NS_ASSERTIONS = NO;
				ENABLE_STRICT_OBJC_MSGSEND = YES;
				GCC_C_LANGUAGE_STANDARD = gnu99;
				GCC_NO_COMMON_BLOCKS = YES;
				GCC_WARN_64_TO_32_BIT_CONVERSION = YES;
				GCC_WARN_ABOUT_RETURN_TYPE = YES_ERROR;
				GCC_WARN_UNDECLARED_SELECTOR = YES;
				GCC_WARN_UNINITIALIZED_AUTOS = YES_AGGRESSIVE;
				GCC_WARN_UNUSED_FUNCTION = YES;
				GCC_WARN_UNUSED_VARIABLE = YES;
				IPHONEOS_DEPLOYMENT_TARGET = 9.2;
				MTL_ENABLE_DEBUG_INFO = NO;
				SDKROOT = iphoneos;
				TARGETED_DEVICE_FAMILY = "1,2";
				VALIDATE_PRODUCT = YES;
			};
			name = Release;
		};
		DF92C62C1C35137B009DEEFE /* Debug */ = {
			isa = XCBuildConfiguration;
			buildSettings = {
				ASSETCATALOG_COMPILER_APPICON_NAME = AppIcon;
				INFOPLIST_FILE = calculator/Info.plist;
				LD_RUNPATH_SEARCH_PATHS = "$(inherited) @executable_path/Frameworks";
				PRODUCT_BUNDLE_IDENTIFIER = sinsoku.calculator;
				PRODUCT_NAME = "$(TARGET_NAME)";
			};
			name = Debug;
		};
		DF92C62D1C35137B009DEEFE /* Release */ = {
			isa = XCBuildConfiguration;
			buildSettings = {
				ASSETCATALOG_COMPILER_APPICON_NAME = AppIcon;
				INFOPLIST_FILE = calculator/Info.plist;
				LD_RUNPATH_SEARCH_PATHS = "$(inherited) @executable_path/Frameworks";
				PRODUCT_BUNDLE_IDENTIFIER = sinsoku.calculator;
				PRODUCT_NAME = "$(TARGET_NAME)";
			};
			name = Release;
		};
		DF92C62F1C35137B009DEEFE /* Debug */ = {
			isa = XCBuildConfiguration;
			buildSettings = {
				BUNDLE_LOADER = "$(TEST_HOST)";
				INFOPLIST_FILE = calculatorTests/Info.plist;
				LD_RUNPATH_SEARCH_PATHS = "$(inherited) @executable_path/Frameworks @loader_path/Frameworks";
				PRODUCT_BUNDLE_IDENTIFIER = sinsoku.calculatorTests;
				PRODUCT_NAME = "$(TARGET_NAME)";
				TEST_HOST = "$(BUILT_PRODUCTS_DIR)/calculator.app/calculator";
			};
			name = Debug;
		};
		DF92C6301C35137B009DEEFE /* Release */ = {
			isa = XCBuildConfiguration;
			buildSettings = {
				BUNDLE_LOADER = "$(TEST_HOST)";
				INFOPLIST_FILE = calculatorTests/Info.plist;
				LD_RUNPATH_SEARCH_PATHS = "$(inherited) @executable_path/Frameworks @loader_path/Frameworks";
				PRODUCT_BUNDLE_IDENTIFIER = sinsoku.calculatorTests;
				PRODUCT_NAME = "$(TARGET_NAME)";
				TEST_HOST = "$(BUILT_PRODUCTS_DIR)/calculator.app/calculator";
			};
			name = Release;
		};
		DF92C6321C35137B009DEEFE /* Debug */ = {
			isa = XCBuildConfiguration;
			buildSettings = {
				INFOPLIST_FILE = calculatorUITests/Info.plist;
				LD_RUNPATH_SEARCH_PATHS = "$(inherited) @executable_path/Frameworks @loader_path/Frameworks";
				PRODUCT_BUNDLE_IDENTIFIER = sinsoku.calculatorUITests;
				PRODUCT_NAME = "$(TARGET_NAME)";
				TEST_TARGET_NAME = calculator;
				USES_XCTRUNNER = YES;
			};
			name = Debug;
		};
		DF92C6331C35137B009DEEFE /* Release */ = {
			isa = XCBuildConfiguration;
			buildSettings = {
				INFOPLIST_FILE = calculatorUITests/Info.plist;
				LD_RUNPATH_SEARCH_PATHS = "$(inherited) @executable_path/Frameworks @loader_path/Frameworks";
				PRODUCT_BUNDLE_IDENTIFIER = sinsoku.calculatorUITests;
				PRODUCT_NAME = "$(TARGET_NAME)";
				TEST_TARGET_NAME = calculator;
				USES_XCTRUNNER = YES;
			};
			name = Release;
		};
/* End XCBuildConfiguration section */

/* Begin XCConfigurationList section */
		DF92C5FE1C35137B009DEEFE /* Build configuration list for PBXProject "calculator" */ = {
			isa = XCConfigurationList;
			buildConfigurations = (
				DF92C6291C35137B009DEEFE /* Debug */,
				DF92C62A1C35137B009DEEFE /* Release */,
			);
			defaultConfigurationIsVisible = 0;
			defaultConfigurationName = Release;
		};
		DF92C62B1C35137B009DEEFE /* Build configuration list for PBXNativeTarget "calculator" */ = {
			isa = XCConfigurationList;
			buildConfigurations = (
				DF92C62C1C35137B009DEEFE /* Debug */,
				DF92C62D1C35137B009DEEFE /* Release */,
			);
			defaultConfigurationIsVisible = 0;
		};
		DF92C62E1C35137B009DEEFE /* Build configuration list for PBXNativeTarget "calculatorTests" */ = {
			isa = XCConfigurationList;
			buildConfigurations = (
				DF92C62F1C35137B009DEEFE /* Debug */,
				DF92C6301C35137B009DEEFE /* Release */,
			);
			defaultConfigurationIsVisible = 0;
		};
		DF92C6311C35137B009DEEFE /* Build configuration list for PBXNativeTarget "calculatorUITests" */ = {
			isa = XCConfigurationList;
			buildConfigurations = (
				DF92C6321C35137B009DEEFE /* Debug */,
				DF92C6331C35137B009DEEFE /* Release */,
			);
			defaultConfigurationIsVisible = 0;
		};
/* End XCConfigurationList section */
	};
	rootObject = DF92C5FB1C35137B009DEEFE /* Project object */;
}
